
Microsoft Visual Studio Solution File, Format Version 12.00
# Visual Studio Version 17
VisualStudioVersion = 17.5.33502.453
MinimumVisualStudioVersion = 10.0.40219.1
Project("{FAE04EC0-301F-11D3-BF4B-00C04F79EFBC}") = "CultureReviews", "CultureReviews\CultureReviews.csproj", "{266137FC-681F-4ED5-AB88-E528CF0A477D}"
EndProject
Global
	GlobalSection(SolutionConfigurationPlatforms) = preSolution
		Debug|Any CPU = Debug|Any CPU
		Release|Any CPU = Release|Any CPU
	EndGlobalSection
	GlobalSection(ProjectConfigurationPlatforms) = postSolution
		{266137FC-681F-4ED5-AB88-E528CF0A477D}.Debug|Any CPU.ActiveCfg = Debug|Any CPU
		{266137FC-681F-4ED5-AB88-E528CF0A477D}.Debug|Any CPU.Build.0 = Debug|Any CPU
		{266137FC-681F-4ED5-AB88-E528CF0A477D}.Release|Any CPU.ActiveCfg = Release|Any CPU
		{266137FC-681F-4ED5-AB88-E528CF0A477D}.Release|Any CPU.Build.0 = Release|Any CPU
	EndGlobalSection
	GlobalSection(SolutionProperties) = preSolution
		HideSolutionNode = FALSE
	EndGlobalSection
	GlobalSection(ExtensibilityGlobals) = postSolution
		SolutionGuid = {D9C39D84-F932-4686-B6E7-F933CB691D9D}
	EndGlobalSection
EndGlobal
